
Microsoft Visual Studio Solution File, Format Version 12.00
# Visual Studio Version 17
VisualStudioVersion = 17.0.31512.422
MinimumVisualStudioVersion = 10.0.40219.1
Project("{FAE04EC0-301F-11D3-BF4B-00C04F79EFBC}") = "ImageResizer", "ImageResizer\ImageResizer.csproj", "{B98924A5-0EDA-4F23-BE87-BD9B163E239A}"
EndProject
Global
	GlobalSection(SolutionConfigurationPlatforms) = preSolution
		Debug|Any CPU = Debug|Any CPU
		Release|Any CPU = Release|Any CPU
	EndGlobalSection
	GlobalSection(ProjectConfigurationPlatforms) = postSolution
		{B98924A5-0EDA-4F23-BE87-BD9B163E239A}.Debug|Any CPU.ActiveCfg = Debug|Any CPU
		{B98924A5-0EDA-4F23-BE87-BD9B163E239A}.Debug|Any CPU.Build.0 = Debug|Any CPU
		{B98924A5-0EDA-4F23-BE87-BD9B163E239A}.Release|Any CPU.ActiveCfg = Release|Any CPU
		{B98924A5-0EDA-4F23-BE87-BD9B163E239A}.Release|Any CPU.Build.0 = Release|Any CPU
	EndGlobalSection
	GlobalSection(SolutionProperties) = preSolution
		HideSolutionNode = FALSE
	EndGlobalSection
	GlobalSection(ExtensibilityGlobals) = postSolution
		SolutionGuid = {F59664A3-080E-4190-88E5-3DC47D0B6AC1}
	EndGlobalSection
EndGlobal
